
Microsoft Visual Studio Solution File, Format Version 12.00
# Visual Studio Version 17
VisualStudioVersion = 17.5.2.0
MinimumVisualStudioVersion = 10.0.40219.1
Project("{2150E333-8FDC-42A3-9474-1A3956D46DE8}") = "src", "src", "{827E0CD3-B72D-47B6-A68D-7590B98EB39B}"
EndProject
Project("{FAE04EC0-301F-11D3-BF4B-00C04F79EFBC}") = "WeatherApp.Application", "src\WeatherApp.Application\WeatherApp.Application.csproj", "{F5D6E587-C6B9-0684-5BA6-2CC37925BB54}"
EndProject
Project("{FAE04EC0-301F-11D3-BF4B-00C04F79EFBC}") = "WeatherApp.Domain", "src\WeatherApp.Domain\WeatherApp.Domain.csproj", "{C0B31718-B253-4AD9-9557-440AB683D76E}"
EndProject
Project("{FAE04EC0-301F-11D3-BF4B-00C04F79EFBC}") = "WeatherApp.Infrastructure", "src\WeatherApp.Infrastructure\WeatherApp.Infrastructure.csproj", "{361E6CA9-0A0A-E789-5BB7-CEFE6C028573}"
EndProject
Project("{FAE04EC0-301F-11D3-BF4B-00C04F79EFBC}") = "WeatherApp.Web", "src\WeatherApp.Web\WeatherApp.Web.csproj", "{8CB3BE4B-C1D5-0C5A-A90D-8F343C625667}"
EndProject
Project("{FAE04EC0-301F-11D3-BF4B-00C04F79EFBC}") = "WeatherApp.Api", "src\WeatherApp.Api\WeatherApp.Api.csproj", "{6808FC50-C0AA-4306-BBCA-8FFCB3536DDA}"
EndProject
Project("{2150E333-8FDC-42A3-9474-1A3956D46DE8}") = "tests", "tests", "{0AB3BF05-4346-4AA6-1389-037BE0695223}"
EndProject
Project("{FAE04EC0-301F-11D3-BF4B-00C04F79EFBC}") = "WeatherApp.Application.Tests", "tests\WeatherApp.Application.Tests\WeatherApp.Application.Tests.csproj", "{F556A7D0-C326-494E-A2B9-28C951C8BEA4}"
EndProject
Project("{FAE04EC0-301F-11D3-BF4B-00C04F79EFBC}") = "WeatherApp.Domain.Tests", "tests\WeatherApp.Domain.Tests\WeatherApp.Domain.Tests.csproj", "{A9A6980A-3E29-42EE-BEEC-37979F529187}"
EndProject
Project("{FAE04EC0-301F-11D3-BF4B-00C04F79EFBC}") = "WeatherApp.Infrastructure.Tests", "tests\WeatherApp.Infrastructure.Tests\WeatherApp.Infrastructure.Tests.csproj", "{8F6C5AE8-04F5-416E-AFF2-AE007950168C}"
EndProject
Project("{FAE04EC0-301F-11D3-BF4B-00C04F79EFBC}") = "WeatherApp.Api.Tests", "tests\WeatherApp.Api.Tests\WeatherApp.Api.Tests.csproj", "{A384F511-BB7A-473B-9E4D-65ABBE489114}"
EndProject
Global
	GlobalSection(SolutionConfigurationPlatforms) = preSolution
		Debug|Any CPU = Debug|Any CPU
		Debug|x64 = Debug|x64
		Debug|x86 = Debug|x86
		Release|Any CPU = Release|Any CPU
		Release|x64 = Release|x64
		Release|x86 = Release|x86
	EndGlobalSection
	GlobalSection(ProjectConfigurationPlatforms) = postSolution
		{F5D6E587-C6B9-0684-5BA6-2CC37925BB54}.Debug|Any CPU.ActiveCfg = Debug|Any CPU
		{F5D6E587-C6B9-0684-5BA6-2CC37925BB54}.Debug|Any CPU.Build.0 = Debug|Any CPU
		{F5D6E587-C6B9-0684-5BA6-2CC37925BB54}.Debug|x64.ActiveCfg = Debug|Any CPU
		{F5D6E587-C6B9-0684-5BA6-2CC37925BB54}.Debug|x64.Build.0 = Debug|Any CPU
		{F5D6E587-C6B9-0684-5BA6-2CC37925BB54}.Debug|x86.ActiveCfg = Debug|Any CPU
		{F5D6E587-C6B9-0684-5BA6-2CC37925BB54}.Debug|x86.Build.0 = Debug|Any CPU
		{F5D6E587-C6B9-0684-5BA6-2CC37925BB54}.Release|Any CPU.ActiveCfg = Release|Any CPU
		{F5D6E587-C6B9-0684-5BA6-2CC37925BB54}.Release|Any CPU.Build.0 = Release|Any CPU
		{F5D6E587-C6B9-0684-5BA6-2CC37925BB54}.Release|x64.ActiveCfg = Release|Any CPU
		{F5D6E587-C6B9-0684-5BA6-2CC37925BB54}.Release|x64.Build.0 = Release|Any CPU
		{F5D6E587-C6B9-0684-5BA6-2CC37925BB54}.Release|x86.ActiveCfg = Release|Any CPU
		{F5D6E587-C6B9-0684-5BA6-2CC37925BB54}.Release|x86.Build.0 = Release|Any CPU
		{C0B31718-B253-4AD9-9557-440AB683D76E}.Debug|Any CPU.ActiveCfg = Debug|Any CPU
		{C0B31718-B253-4AD9-9557-440AB683D76E}.Debug|Any CPU.Build.0 = Debug|Any CPU
		{C0B31718-B253-4AD9-9557-440AB683D76E}.Debug|x64.ActiveCfg = Debug|Any CPU
		{C0B31718-B253-4AD9-9557-440AB683D76E}.Debug|x64.Build.0 = Debug|Any CPU
		{C0B31718-B253-4AD9-9557-440AB683D76E}.Debug|x86.ActiveCfg = Debug|Any CPU
		{C0B31718-B253-4AD9-9557-440AB683D76E}.Debug|x86.Build.0 = Debug|Any CPU
		{C0B31718-B253-4AD9-9557-440AB683D76E}.Release|Any CPU.ActiveCfg = Release|Any CPU
		{C0B31718-B253-4AD9-9557-440AB683D76E}.Release|Any CPU.Build.0 = Release|Any CPU
		{C0B31718-B253-4AD9-9557-440AB683D76E}.Release|x64.ActiveCfg = Release|Any CPU
		{C0B31718-B253-4AD9-9557-440AB683D76E}.Release|x64.Build.0 = Release|Any CPU
		{C0B31718-B253-4AD9-9557-440AB683D76E}.Release|x86.ActiveCfg = Release|Any CPU
		{C0B31718-B253-4AD9-9557-440AB683D76E}.Release|x86.Build.0 = Release|Any CPU
		{361E6CA9-0A0A-E789-5BB7-CEFE6C028573}.Debug|Any CPU.ActiveCfg = Debug|Any CPU
		{361E6CA9-0A0A-E789-5BB7-CEFE6C028573}.Debug|Any CPU.Build.0 = Debug|Any CPU
		{361E6CA9-0A0A-E789-5BB7-CEFE6C028573}.Debug|x64.ActiveCfg = Debug|Any CPU
		{361E6CA9-0A0A-E789-5BB7-CEFE6C028573}.Debug|x64.Build.0 = Debug|Any CPU
		{361E6CA9-0A0A-E789-5BB7-CEFE6C028573}.Debug|x86.ActiveCfg = Debug|Any CPU
		{361E6CA9-0A0A-E789-5BB7-CEFE6C028573}.Debug|x86.Build.0 = Debug|Any CPU
		{361E6CA9-0A0A-E789-5BB7-CEFE6C028573}.Release|Any CPU.ActiveCfg = Release|Any CPU
		{361E6CA9-0A0A-E789-5BB7-CEFE6C028573}.Release|Any CPU.Build.0 = Release|Any CPU
		{361E6CA9-0A0A-E789-5BB7-CEFE6C028573}.Release|x64.ActiveCfg = Release|Any CPU
		{361E6CA9-0A0A-E789-5BB7-CEFE6C028573}.Release|x64.Build.0 = Release|Any CPU
		{361E6CA9-0A0A-E789-5BB7-CEFE6C028573}.Release|x86.ActiveCfg = Release|Any CPU
		{361E6CA9-0A0A-E789-5BB7-CEFE6C028573}.Release|x86.Build.0 = Release|Any CPU
		{8CB3BE4B-C1D5-0C5A-A90D-8F343C625667}.Debug|Any CPU.ActiveCfg = Debug|Any CPU
		{8CB3BE4B-C1D5-0C5A-A90D-8F343C625667}.Debug|Any CPU.Build.0 = Debug|Any CPU
		{8CB3BE4B-C1D5-0C5A-A90D-8F343C625667}.Debug|x64.ActiveCfg = Debug|Any CPU
		{8CB3BE4B-C1D5-0C5A-A90D-8F343C625667}.Debug|x64.Build.0 = Debug|Any CPU
		{8CB3BE4B-C1D5-0C5A-A90D-8F343C625667}.Debug|x86.ActiveCfg = Debug|Any CPU
		{8CB3BE4B-C1D5-0C5A-A90D-8F343C625667}.Debug|x86.Build.0 = Debug|Any CPU
		{8CB3BE4B-C1D5-0C5A-A90D-8F343C625667}.Release|Any CPU.ActiveCfg = Release|Any CPU
		{8CB3BE4B-C1D5-0C5A-A90D-8F343C625667}.Release|Any CPU.Build.0 = Release|Any CPU
		{8CB3BE4B-C1D5-0C5A-A90D-8F343C625667}.Release|x64.ActiveCfg = Release|Any CPU
		{8CB3BE4B-C1D5-0C5A-A90D-8F343C625667}.Release|x64.Build.0 = Release|Any CPU
		{8CB3BE4B-C1D5-0C5A-A90D-8F343C625667}.Release|x86.ActiveCfg = Release|Any CPU
		{8CB3BE4B-C1D5-0C5A-A90D-8F343C625667}.Release|x86.Build.0 = Release|Any CPU
		{6808FC50-C0AA-4306-BBCA-8FFCB3536DDA}.Debug|Any CPU.ActiveCfg = Debug|Any CPU
		{6808FC50-C0AA-4306-BBCA-8FFCB3536DDA}.Debug|Any CPU.Build.0 = Debug|Any CPU
		{6808FC50-C0AA-4306-BBCA-8FFCB3536DDA}.Debug|x64.ActiveCfg = Debug|Any CPU
		{6808FC50-C0AA-4306-BBCA-8FFCB3536DDA}.Debug|x64.Build.0 = Debug|Any CPU
		{6808FC50-C0AA-4306-BBCA-8FFCB3536DDA}.Debug|x86.ActiveCfg = Debug|Any CPU
		{6808FC50-C0AA-4306-BBCA-8FFCB3536DDA}.Debug|x86.Build.0 = Debug|Any CPU
		{6808FC50-C0AA-4306-BBCA-8FFCB3536DDA}.Release|Any CPU.ActiveCfg = Release|Any CPU
		{6808FC50-C0AA-4306-BBCA-8FFCB3536DDA}.Release|Any CPU.Build.0 = Release|Any CPU
		{6808FC50-C0AA-4306-BBCA-8FFCB3536DDA}.Release|x64.ActiveCfg = Release|Any CPU
		{6808FC50-C0AA-4306-BBCA-8FFCB3536DDA}.Release|x64.Build.0 = Release|Any CPU
		{6808FC50-C0AA-4306-BBCA-8FFCB3536DDA}.Release|x86.ActiveCfg = Release|Any CPU
		{6808FC50-C0AA-4306-BBCA-8FFCB3536DDA}.Release|x86.Build.0 = Release|Any CPU
		{F556A7D0-C326-494E-A2B9-28C951C8BEA4}.Debug|Any CPU.ActiveCfg = Debug|Any CPU
		{F556A7D0-C326-494E-A2B9-28C951C8BEA4}.Debug|Any CPU.Build.0 = Debug|Any CPU
		{F556A7D0-C326-494E-A2B9-28C951C8BEA4}.Debug|x64.ActiveCfg = Debug|Any CPU
		{F556A7D0-C326-494E-A2B9-28C951C8BEA4}.Debug|x64.Build.0 = Debug|Any CPU
		{F556A7D0-C326-494E-A2B9-28C951C8BEA4}.Debug|x86.ActiveCfg = Debug|Any CPU
		{F556A7D0-C326-494E-A2B9-28C951C8BEA4}.Debug|x86.Build.0 = Debug|Any CPU
		{F556A7D0-C326-494E-A2B9-28C951C8BEA4}.Release|Any CPU.ActiveCfg = Release|Any CPU
		{F556A7D0-C326-494E-A2B9-28C951C8BEA4}.Release|Any CPU.Build.0 = Release|Any CPU
		{F556A7D0-C326-494E-A2B9-28C951C8BEA4}.Release|x64.ActiveCfg = Release|Any CPU
		{F556A7D0-C326-494E-A2B9-28C951C8BEA4}.Release|x64.Build.0 = Release|Any CPU
		{F556A7D0-C326-494E-A2B9-28C951C8BEA4}.Release|x86.ActiveCfg = Release|Any CPU
		{F556A7D0-C326-494E-A2B9-28C951C8BEA4}.Release|x86.Build.0 = Release|Any CPU
		{A9A6980A-3E29-42EE-BEEC-37979F529187}.Debug|Any CPU.ActiveCfg = Debug|Any CPU
		{A9A6980A-3E29-42EE-BEEC-37979F529187}.Debug|Any CPU.Build.0 = Debug|Any CPU
		{A9A6980A-3E29-42EE-BEEC-37979F529187}.Debug|x64.ActiveCfg = Debug|Any CPU
		{A9A6980A-3E29-42EE-BEEC-37979F529187}.Debug|x64.Build.0 = Debug|Any CPU
		{A9A6980A-3E29-42EE-BEEC-37979F529187}.Debug|x86.ActiveCfg = Debug|Any CPU
		{A9A6980A-3E29-42EE-BEEC-37979F529187}.Debug|x86.Build.0 = Debug|Any CPU
		{A9A6980A-3E29-42EE-BEEC-37979F529187}.Release|Any CPU.ActiveCfg = Release|Any CPU
		{A9A6980A-3E29-42EE-BEEC-37979F529187}.Release|Any CPU.Build.0 = Release|Any CPU
		{A9A6980A-3E29-42EE-BEEC-37979F529187}.Release|x64.ActiveCfg = Release|Any CPU
		{A9A6980A-3E29-42EE-BEEC-37979F529187}.Release|x64.Build.0 = Release|Any CPU
		{A9A6980A-3E29-42EE-BEEC-37979F529187}.Release|x86.ActiveCfg = Release|Any CPU
		{A9A6980A-3E29-42EE-BEEC-37979F529187}.Release|x86.Build.0 = Release|Any CPU
		{8F6C5AE8-04F5-416E-AFF2-AE007950168C}.Debug|Any CPU.ActiveCfg = Debug|Any CPU
		{8F6C5AE8-04F5-416E-AFF2-AE007950168C}.Debug|Any CPU.Build.0 = Debug|Any CPU
		{8F6C5AE8-04F5-416E-AFF2-AE007950168C}.Debug|x64.ActiveCfg = Debug|Any CPU
		{8F6C5AE8-04F5-416E-AFF2-AE007950168C}.Debug|x64.Build.0 = Debug|Any CPU
		{8F6C5AE8-04F5-416E-AFF2-AE007950168C}.Debug|x86.ActiveCfg = Debug|Any CPU
		{8F6C5AE8-04F5-416E-AFF2-AE007950168C}.Debug|x86.Build.0 = Debug|Any CPU
		{8F6C5AE8-04F5-416E-AFF2-AE007950168C}.Release|Any CPU.ActiveCfg = Release|Any CPU
		{8F6C5AE8-04F5-416E-AFF2-AE007950168C}.Release|Any CPU.Build.0 = Release|Any CPU
		{8F6C5AE8-04F5-416E-AFF2-AE007950168C}.Release|x64.ActiveCfg = Release|Any CPU
		{8F6C5AE8-04F5-416E-AFF2-AE007950168C}.Release|x64.Build.0 = Release|Any CPU
		{8F6C5AE8-04F5-416E-AFF2-AE007950168C}.Release|x86.ActiveCfg = Release|Any CPU
		{8F6C5AE8-04F5-416E-AFF2-AE007950168C}.Release|x86.Build.0 = Release|Any CPU
		{A384F511-BB7A-473B-9E4D-65ABBE489114}.Debug|Any CPU.ActiveCfg = Debug|Any CPU
		{A384F511-BB7A-473B-9E4D-65ABBE489114}.Debug|Any CPU.Build.0 = Debug|Any CPU
		{A384F511-BB7A-473B-9E4D-65ABBE489114}.Debug|x64.ActiveCfg = Debug|Any CPU
		{A384F511-BB7A-473B-9E4D-65ABBE489114}.Debug|x64.Build.0 = Debug|Any CPU
		{A384F511-BB7A-473B-9E4D-65ABBE489114}.Debug|x86.ActiveCfg = Debug|Any CPU
		{A384F511-BB7A-473B-9E4D-65ABBE489114}.Debug|x86.Build.0 = Debug|Any CPU
		{A384F511-BB7A-473B-9E4D-65ABBE489114}.Release|Any CPU.ActiveCfg = Release|Any CPU
		{A384F511-BB7A-473B-9E4D-65ABBE489114}.Release|Any CPU.Build.0 = Release|Any CPU
		{A384F511-BB7A-473B-9E4D-65ABBE489114}.Release|x64.ActiveCfg = Release|Any CPU
		{A384F511-BB7A-473B-9E4D-65ABBE489114}.Release|x64.Build.0 = Release|Any CPU
		{A384F511-BB7A-473B-9E4D-65ABBE489114}.Release|x86.ActiveCfg = Release|Any CPU
		{A384F511-BB7A-473B-9E4D-65ABBE489114}.Release|x86.Build.0 = Release|Any CPU
	EndGlobalSection
	GlobalSection(SolutionProperties) = preSolution
		HideSolutionNode = FALSE
	EndGlobalSection
	GlobalSection(NestedProjects) = preSolution
		{F5D6E587-C6B9-0684-5BA6-2CC37925BB54} = {827E0CD3-B72D-47B6-A68D-7590B98EB39B}
		{C0B31718-B253-4AD9-9557-440AB683D76E} = {827E0CD3-B72D-47B6-A68D-7590B98EB39B}
		{361E6CA9-0A0A-E789-5BB7-CEFE6C028573} = {827E0CD3-B72D-47B6-A68D-7590B98EB39B}
		{8CB3BE4B-C1D5-0C5A-A90D-8F343C625667} = {827E0CD3-B72D-47B6-A68D-7590B98EB39B}
		{6808FC50-C0AA-4306-BBCA-8FFCB3536DDA} = {827E0CD3-B72D-47B6-A68D-7590B98EB39B}
		{F556A7D0-C326-494E-A2B9-28C951C8BEA4} = {0AB3BF05-4346-4AA6-1389-037BE0695223}
		{A9A6980A-3E29-42EE-BEEC-37979F529187} = {0AB3BF05-4346-4AA6-1389-037BE0695223}
		{8F6C5AE8-04F5-416E-AFF2-AE007950168C} = {0AB3BF05-4346-4AA6-1389-037BE0695223}
		{A384F511-BB7A-473B-9E4D-65ABBE489114} = {0AB3BF05-4346-4AA6-1389-037BE0695223}
	EndGlobalSection
	GlobalSection(ExtensibilityGlobals) = postSolution
		SolutionGuid = {43C143FA-0C5F-4EC7-A619-4F798DE9B882}
	EndGlobalSection
EndGlobal
